
Microsoft Visual Studio Solution File, Format Version 12.00
# Visual Studio Version 17
VisualStudioVersion = 17.0.31903.59
MinimumVisualStudioVersion = 10.0.40219.1
Project("{2150E333-8FDC-42A3-9474-1A3956D46DE8}") = "src", "src", "{827E0CD3-B72D-47B6-A68D-7590B98EB39B}"
EndProject
Project("{2150E333-8FDC-42A3-9474-1A3956D46DE8}") = "Common", "Common", "{BFF2DF6E-AA54-47C7-211F-79ACCBB4577C}"
EndProject
Project("{FAE04EC0-301F-11D3-BF4B-00C04F79EFBC}") = "ModularMonolithEventDriven.Common.Domain", "src\Common\ModularMonolithEventDriven.Common.Domain\ModularMonolithEventDriven.Common.Domain.csproj", "{BE539D53-55C7-403E-BC2F-2819CE22473C}"
EndProject
Project("{FAE04EC0-301F-11D3-BF4B-00C04F79EFBC}") = "ModularMonolithEventDriven.Common.Application", "src\Common\ModularMonolithEventDriven.Common.Application\ModularMonolithEventDriven.Common.Application.csproj", "{DAAB6F70-A83E-4D87-8A82-ED7FC920144A}"
EndProject
Project("{FAE04EC0-301F-11D3-BF4B-00C04F79EFBC}") = "ModularMonolithEventDriven.Common.Infrastructure", "src\Common\ModularMonolithEventDriven.Common.Infrastructure\ModularMonolithEventDriven.Common.Infrastructure.csproj", "{F371E1B9-E909-423E-8C41-9F205C71EED4}"
EndProject
Project("{2150E333-8FDC-42A3-9474-1A3956D46DE8}") = "Modules", "Modules", "{EC447DCF-ABFA-6E24-52A5-D7FD48A5C558}"
EndProject
Project("{2150E333-8FDC-42A3-9474-1A3956D46DE8}") = "Orders", "Orders", "{CFD98C11-0354-2BE4-4011-BD6AEF12219D}"
EndProject
Project("{FAE04EC0-301F-11D3-BF4B-00C04F79EFBC}") = "ModularMonolithEventDriven.Modules.Orders.IntegrationEvents", "src\Modules\Orders\ModularMonolithEventDriven.Modules.Orders.IntegrationEvents\ModularMonolithEventDriven.Modules.Orders.IntegrationEvents.csproj", "{B4BF619B-72D1-4B25-AAF5-EFA2B3A4C9E9}"
EndProject
Project("{2150E333-8FDC-42A3-9474-1A3956D46DE8}") = "Inventory", "Inventory", "{18C073E0-6CB1-4693-3636-BFEE619A6192}"
EndProject
Project("{FAE04EC0-301F-11D3-BF4B-00C04F79EFBC}") = "ModularMonolithEventDriven.Modules.Inventory.IntegrationEvents", "src\Modules\Inventory\ModularMonolithEventDriven.Modules.Inventory.IntegrationEvents\ModularMonolithEventDriven.Modules.Inventory.IntegrationEvents.csproj", "{CF6A04A7-0669-4D03-9B0E-BDB312C25383}"
EndProject
Project("{2150E333-8FDC-42A3-9474-1A3956D46DE8}") = "Payments", "Payments", "{3482A603-7AEB-377F-9DA5-9757A465DBE8}"
EndProject
Project("{FAE04EC0-301F-11D3-BF4B-00C04F79EFBC}") = "ModularMonolithEventDriven.Modules.Payments.IntegrationEvents", "src\Modules\Payments\ModularMonolithEventDriven.Modules.Payments.IntegrationEvents\ModularMonolithEventDriven.Modules.Payments.IntegrationEvents.csproj", "{4124BCB6-19D3-4ECB-BFAE-688CD0A7B528}"
EndProject
Project("{2150E333-8FDC-42A3-9474-1A3956D46DE8}") = "Notifications", "Notifications", "{DE9DAF8A-E684-0FD3-FFDC-40D3E3158533}"
EndProject
Project("{FAE04EC0-301F-11D3-BF4B-00C04F79EFBC}") = "ModularMonolithEventDriven.Modules.Notifications.IntegrationEvents", "src\Modules\Notifications\ModularMonolithEventDriven.Modules.Notifications.IntegrationEvents\ModularMonolithEventDriven.Modules.Notifications.IntegrationEvents.csproj", "{E7F60D33-0041-4A7B-B17F-78DED087FBF7}"
EndProject
Project("{FAE04EC0-301F-11D3-BF4B-00C04F79EFBC}") = "ModularMonolithEventDriven.Modules.Orders.Domain", "src\Modules\Orders\ModularMonolithEventDriven.Modules.Orders.Domain\ModularMonolithEventDriven.Modules.Orders.Domain.csproj", "{7CFAF0B2-8133-4DC7-B86A-32A2372B2383}"
EndProject
Project("{FAE04EC0-301F-11D3-BF4B-00C04F79EFBC}") = "ModularMonolithEventDriven.Modules.Orders.Application", "src\Modules\Orders\ModularMonolithEventDriven.Modules.Orders.Application\ModularMonolithEventDriven.Modules.Orders.Application.csproj", "{75071218-6001-4D1A-88AD-8B9F64F6F7EE}"
EndProject
Project("{FAE04EC0-301F-11D3-BF4B-00C04F79EFBC}") = "ModularMonolithEventDriven.Modules.Orders.Infrastructure", "src\Modules\Orders\ModularMonolithEventDriven.Modules.Orders.Infrastructure\ModularMonolithEventDriven.Modules.Orders.Infrastructure.csproj", "{9F8715CC-149B-4134-AC70-7B1E80B22B76}"
EndProject
Project("{FAE04EC0-301F-11D3-BF4B-00C04F79EFBC}") = "ModularMonolithEventDriven.Modules.Orders.Presentation", "src\Modules\Orders\ModularMonolithEventDriven.Modules.Orders.Presentation\ModularMonolithEventDriven.Modules.Orders.Presentation.csproj", "{8EDDC60A-9BEC-4148-A9A1-24D34AEE86E2}"
EndProject
Project("{FAE04EC0-301F-11D3-BF4B-00C04F79EFBC}") = "ModularMonolithEventDriven.Modules.Inventory.Domain", "src\Modules\Inventory\ModularMonolithEventDriven.Modules.Inventory.Domain\ModularMonolithEventDriven.Modules.Inventory.Domain.csproj", "{537EC916-AE1B-425D-ADFF-281FF97D018E}"
EndProject
Project("{FAE04EC0-301F-11D3-BF4B-00C04F79EFBC}") = "ModularMonolithEventDriven.Modules.Inventory.Application", "src\Modules\Inventory\ModularMonolithEventDriven.Modules.Inventory.Application\ModularMonolithEventDriven.Modules.Inventory.Application.csproj", "{5413F760-1726-4637-BCA0-90185AAC5FCB}"
EndProject
Project("{FAE04EC0-301F-11D3-BF4B-00C04F79EFBC}") = "ModularMonolithEventDriven.Modules.Inventory.Infrastructure", "src\Modules\Inventory\ModularMonolithEventDriven.Modules.Inventory.Infrastructure\ModularMonolithEventDriven.Modules.Inventory.Infrastructure.csproj", "{7B9FEBAD-E328-4CA0-9766-6425143E2656}"
EndProject
Project("{FAE04EC0-301F-11D3-BF4B-00C04F79EFBC}") = "ModularMonolithEventDriven.Modules.Inventory.Presentation", "src\Modules\Inventory\ModularMonolithEventDriven.Modules.Inventory.Presentation\ModularMonolithEventDriven.Modules.Inventory.Presentation.csproj", "{F9259208-AD38-4C8A-8316-9ADB83C303CA}"
EndProject
Project("{FAE04EC0-301F-11D3-BF4B-00C04F79EFBC}") = "ModularMonolithEventDriven.Modules.Payments.Domain", "src\Modules\Payments\ModularMonolithEventDriven.Modules.Payments.Domain\ModularMonolithEventDriven.Modules.Payments.Domain.csproj", "{CA9647F9-39EB-41BD-A264-38E2E1EBEB55}"
EndProject
Project("{FAE04EC0-301F-11D3-BF4B-00C04F79EFBC}") = "ModularMonolithEventDriven.Modules.Payments.Application", "src\Modules\Payments\ModularMonolithEventDriven.Modules.Payments.Application\ModularMonolithEventDriven.Modules.Payments.Application.csproj", "{A1D189C6-956C-4C79-AF32-AABCA224B010}"
EndProject
Project("{FAE04EC0-301F-11D3-BF4B-00C04F79EFBC}") = "ModularMonolithEventDriven.Modules.Payments.Infrastructure", "src\Modules\Payments\ModularMonolithEventDriven.Modules.Payments.Infrastructure\ModularMonolithEventDriven.Modules.Payments.Infrastructure.csproj", "{87C7D2E3-E454-4A25-AB56-4F24FFA70625}"
EndProject
Project("{FAE04EC0-301F-11D3-BF4B-00C04F79EFBC}") = "ModularMonolithEventDriven.Modules.Payments.Presentation", "src\Modules\Payments\ModularMonolithEventDriven.Modules.Payments.Presentation\ModularMonolithEventDriven.Modules.Payments.Presentation.csproj", "{2F10C40F-17DB-47F2-83E7-B8BDFCFE82AF}"
EndProject
Project("{FAE04EC0-301F-11D3-BF4B-00C04F79EFBC}") = "ModularMonolithEventDriven.Modules.Notifications.Domain", "src\Modules\Notifications\ModularMonolithEventDriven.Modules.Notifications.Domain\ModularMonolithEventDriven.Modules.Notifications.Domain.csproj", "{04DC22E1-201B-4CEE-B746-B3FB7660C470}"
EndProject
Project("{FAE04EC0-301F-11D3-BF4B-00C04F79EFBC}") = "ModularMonolithEventDriven.Modules.Notifications.Application", "src\Modules\Notifications\ModularMonolithEventDriven.Modules.Notifications.Application\ModularMonolithEventDriven.Modules.Notifications.Application.csproj", "{80944CD0-5549-434D-A6EE-B253341BF3D2}"
EndProject
Project("{FAE04EC0-301F-11D3-BF4B-00C04F79EFBC}") = "ModularMonolithEventDriven.Modules.Notifications.Infrastructure", "src\Modules\Notifications\ModularMonolithEventDriven.Modules.Notifications.Infrastructure\ModularMonolithEventDriven.Modules.Notifications.Infrastructure.csproj", "{02F2A2E5-9F91-4C8D-93C0-0321500B56F0}"
EndProject
Project("{FAE04EC0-301F-11D3-BF4B-00C04F79EFBC}") = "ModularMonolithEventDriven.Modules.Notifications.Presentation", "src\Modules\Notifications\ModularMonolithEventDriven.Modules.Notifications.Presentation\ModularMonolithEventDriven.Modules.Notifications.Presentation.csproj", "{9FFC1C3C-2CF4-49D2-926B-42EB93883334}"
EndProject
Project("{2150E333-8FDC-42A3-9474-1A3956D46DE8}") = "Api", "Api", "{81034408-37C8-1011-444E-4C15C2FADA8E}"
EndProject
Project("{FAE04EC0-301F-11D3-BF4B-00C04F79EFBC}") = "ModularMonolithEventDriven.Api", "src\Api\ModularMonolithEventDriven.Api\ModularMonolithEventDriven.Api.csproj", "{5351DFCD-0960-4B00-9DFA-B64CD181AD5A}"
EndProject
Global
	GlobalSection(SolutionConfigurationPlatforms) = preSolution
		Debug|Any CPU = Debug|Any CPU
		Debug|x64 = Debug|x64
		Debug|x86 = Debug|x86
		Release|Any CPU = Release|Any CPU
		Release|x64 = Release|x64
		Release|x86 = Release|x86
	EndGlobalSection
	GlobalSection(ProjectConfigurationPlatforms) = postSolution
		{BE539D53-55C7-403E-BC2F-2819CE22473C}.Debug|Any CPU.ActiveCfg = Debug|Any CPU
		{BE539D53-55C7-403E-BC2F-2819CE22473C}.Debug|Any CPU.Build.0 = Debug|Any CPU
		{BE539D53-55C7-403E-BC2F-2819CE22473C}.Debug|x64.ActiveCfg = Debug|Any CPU
		{BE539D53-55C7-403E-BC2F-2819CE22473C}.Debug|x64.Build.0 = Debug|Any CPU
		{BE539D53-55C7-403E-BC2F-2819CE22473C}.Debug|x86.ActiveCfg = Debug|Any CPU
		{BE539D53-55C7-403E-BC2F-2819CE22473C}.Debug|x86.Build.0 = Debug|Any CPU
		{BE539D53-55C7-403E-BC2F-2819CE22473C}.Release|Any CPU.ActiveCfg = Release|Any CPU
		{BE539D53-55C7-403E-BC2F-2819CE22473C}.Release|Any CPU.Build.0 = Release|Any CPU
		{BE539D53-55C7-403E-BC2F-2819CE22473C}.Release|x64.ActiveCfg = Release|Any CPU
		{BE539D53-55C7-403E-BC2F-2819CE22473C}.Release|x64.Build.0 = Release|Any CPU
		{BE539D53-55C7-403E-BC2F-2819CE22473C}.Release|x86.ActiveCfg = Release|Any CPU
		{BE539D53-55C7-403E-BC2F-2819CE22473C}.Release|x86.Build.0 = Release|Any CPU
		{DAAB6F70-A83E-4D87-8A82-ED7FC920144A}.Debug|Any CPU.ActiveCfg = Debug|Any CPU
		{DAAB6F70-A83E-4D87-8A82-ED7FC920144A}.Debug|Any CPU.Build.0 = Debug|Any CPU
		{DAAB6F70-A83E-4D87-8A82-ED7FC920144A}.Debug|x64.ActiveCfg = Debug|Any CPU
		{DAAB6F70-A83E-4D87-8A82-ED7FC920144A}.Debug|x64.Build.0 = Debug|Any CPU
		{DAAB6F70-A83E-4D87-8A82-ED7FC920144A}.Debug|x86.ActiveCfg = Debug|Any CPU
		{DAAB6F70-A83E-4D87-8A82-ED7FC920144A}.Debug|x86.Build.0 = Debug|Any CPU
		{DAAB6F70-A83E-4D87-8A82-ED7FC920144A}.Release|Any CPU.ActiveCfg = Release|Any CPU
		{DAAB6F70-A83E-4D87-8A82-ED7FC920144A}.Release|Any CPU.Build.0 = Release|Any CPU
		{DAAB6F70-A83E-4D87-8A82-ED7FC920144A}.Release|x64.ActiveCfg = Release|Any CPU
		{DAAB6F70-A83E-4D87-8A82-ED7FC920144A}.Release|x64.Build.0 = Release|Any CPU
		{DAAB6F70-A83E-4D87-8A82-ED7FC920144A}.Release|x86.ActiveCfg = Release|Any CPU
		{DAAB6F70-A83E-4D87-8A82-ED7FC920144A}.Release|x86.Build.0 = Release|Any CPU
		{F371E1B9-E909-423E-8C41-9F205C71EED4}.Debug|Any CPU.ActiveCfg = Debug|Any CPU
		{F371E1B9-E909-423E-8C41-9F205C71EED4}.Debug|Any CPU.Build.0 = Debug|Any CPU
		{F371E1B9-E909-423E-8C41-9F205C71EED4}.Debug|x64.ActiveCfg = Debug|Any CPU
		{F371E1B9-E909-423E-8C41-9F205C71EED4}.Debug|x64.Build.0 = Debug|Any CPU
		{F371E1B9-E909-423E-8C41-9F205C71EED4}.Debug|x86.ActiveCfg = Debug|Any CPU
		{F371E1B9-E909-423E-8C41-9F205C71EED4}.Debug|x86.Build.0 = Debug|Any CPU
		{F371E1B9-E909-423E-8C41-9F205C71EED4}.Release|Any CPU.ActiveCfg = Release|Any CPU
		{F371E1B9-E909-423E-8C41-9F205C71EED4}.Release|Any CPU.Build.0 = Release|Any CPU
		{F371E1B9-E909-423E-8C41-9F205C71EED4}.Release|x64.ActiveCfg = Release|Any CPU
		{F371E1B9-E909-423E-8C41-9F205C71EED4}.Release|x64.Build.0 = Release|Any CPU
		{F371E1B9-E909-423E-8C41-9F205C71EED4}.Release|x86.ActiveCfg = Release|Any CPU
		{F371E1B9-E909-423E-8C41-9F205C71EED4}.Release|x86.Build.0 = Release|Any CPU
		{B4BF619B-72D1-4B25-AAF5-EFA2B3A4C9E9}.Debug|Any CPU.ActiveCfg = Debug|Any CPU
		{B4BF619B-72D1-4B25-AAF5-EFA2B3A4C9E9}.Debug|Any CPU.Build.0 = Debug|Any CPU
		{B4BF619B-72D1-4B25-AAF5-EFA2B3A4C9E9}.Debug|x64.ActiveCfg = Debug|Any CPU
		{B4BF619B-72D1-4B25-AAF5-EFA2B3A4C9E9}.Debug|x64.Build.0 = Debug|Any CPU
		{B4BF619B-72D1-4B25-AAF5-EFA2B3A4C9E9}.Debug|x86.ActiveCfg = Debug|Any CPU
		{B4BF619B-72D1-4B25-AAF5-EFA2B3A4C9E9}.Debug|x86.Build.0 = Debug|Any CPU
		{B4BF619B-72D1-4B25-AAF5-EFA2B3A4C9E9}.Release|Any CPU.ActiveCfg = Release|Any CPU
		{B4BF619B-72D1-4B25-AAF5-EFA2B3A4C9E9}.Release|Any CPU.Build.0 = Release|Any CPU
		{B4BF619B-72D1-4B25-AAF5-EFA2B3A4C9E9}.Release|x64.ActiveCfg = Release|Any CPU
		{B4BF619B-72D1-4B25-AAF5-EFA2B3A4C9E9}.Release|x64.Build.0 = Release|Any CPU
		{B4BF619B-72D1-4B25-AAF5-EFA2B3A4C9E9}.Release|x86.ActiveCfg = Release|Any CPU
		{B4BF619B-72D1-4B25-AAF5-EFA2B3A4C9E9}.Release|x86.Build.0 = Release|Any CPU
		{CF6A04A7-0669-4D03-9B0E-BDB312C25383}.Debug|Any CPU.ActiveCfg = Debug|Any CPU
		{CF6A04A7-0669-4D03-9B0E-BDB312C25383}.Debug|Any CPU.Build.0 = Debug|Any CPU
		{CF6A04A7-0669-4D03-9B0E-BDB312C25383}.Debug|x64.ActiveCfg = Debug|Any CPU
		{CF6A04A7-0669-4D03-9B0E-BDB312C25383}.Debug|x64.Build.0 = Debug|Any CPU
		{CF6A04A7-0669-4D03-9B0E-BDB312C25383}.Debug|x86.ActiveCfg = Debug|Any CPU
		{CF6A04A7-0669-4D03-9B0E-BDB312C25383}.Debug|x86.Build.0 = Debug|Any CPU
		{CF6A04A7-0669-4D03-9B0E-BDB312C25383}.Release|Any CPU.ActiveCfg = Release|Any CPU
		{CF6A04A7-0669-4D03-9B0E-BDB312C25383}.Release|Any CPU.Build.0 = Release|Any CPU
		{CF6A04A7-0669-4D03-9B0E-BDB312C25383}.Release|x64.ActiveCfg = Release|Any CPU
		{CF6A04A7-0669-4D03-9B0E-BDB312C25383}.Release|x64.Build.0 = Release|Any CPU
		{CF6A04A7-0669-4D03-9B0E-BDB312C25383}.Release|x86.ActiveCfg = Release|Any CPU
		{CF6A04A7-0669-4D03-9B0E-BDB312C25383}.Release|x86.Build.0 = Release|Any CPU
		{4124BCB6-19D3-4ECB-BFAE-688CD0A7B528}.Debug|Any CPU.ActiveCfg = Debug|Any CPU
		{4124BCB6-19D3-4ECB-BFAE-688CD0A7B528}.Debug|Any CPU.Build.0 = Debug|Any CPU
		{4124BCB6-19D3-4ECB-BFAE-688CD0A7B528}.Debug|x64.ActiveCfg = Debug|Any CPU
		{4124BCB6-19D3-4ECB-BFAE-688CD0A7B528}.Debug|x64.Build.0 = Debug|Any CPU
		{4124BCB6-19D3-4ECB-BFAE-688CD0A7B528}.Debug|x86.ActiveCfg = Debug|Any CPU
		{4124BCB6-19D3-4ECB-BFAE-688CD0A7B528}.Debug|x86.Build.0 = Debug|Any CPU
		{4124BCB6-19D3-4ECB-BFAE-688CD0A7B528}.Release|Any CPU.ActiveCfg = Release|Any CPU
		{4124BCB6-19D3-4ECB-BFAE-688CD0A7B528}.Release|Any CPU.Build.0 = Release|Any CPU
		{4124BCB6-19D3-4ECB-BFAE-688CD0A7B528}.Release|x64.ActiveCfg = Release|Any CPU
		{4124BCB6-19D3-4ECB-BFAE-688CD0A7B528}.Release|x64.Build.0 = Release|Any CPU
		{4124BCB6-19D3-4ECB-BFAE-688CD0A7B528}.Release|x86.ActiveCfg = Release|Any CPU
		{4124BCB6-19D3-4ECB-BFAE-688CD0A7B528}.Release|x86.Build.0 = Release|Any CPU
		{E7F60D33-0041-4A7B-B17F-78DED087FBF7}.Debug|Any CPU.ActiveCfg = Debug|Any CPU
		{E7F60D33-0041-4A7B-B17F-78DED087FBF7}.Debug|Any CPU.Build.0 = Debug|Any CPU
		{E7F60D33-0041-4A7B-B17F-78DED087FBF7}.Debug|x64.ActiveCfg = Debug|Any CPU
		{E7F60D33-0041-4A7B-B17F-78DED087FBF7}.Debug|x64.Build.0 = Debug|Any CPU
		{E7F60D33-0041-4A7B-B17F-78DED087FBF7}.Debug|x86.ActiveCfg = Debug|Any CPU
		{E7F60D33-0041-4A7B-B17F-78DED087FBF7}.Debug|x86.Build.0 = Debug|Any CPU
		{E7F60D33-0041-4A7B-B17F-78DED087FBF7}.Release|Any CPU.ActiveCfg = Release|Any CPU
		{E7F60D33-0041-4A7B-B17F-78DED087FBF7}.Release|Any CPU.Build.0 = Release|Any CPU
		{E7F60D33-0041-4A7B-B17F-78DED087FBF7}.Release|x64.ActiveCfg = Release|Any CPU
		{E7F60D33-0041-4A7B-B17F-78DED087FBF7}.Release|x64.Build.0 = Release|Any CPU
		{E7F60D33-0041-4A7B-B17F-78DED087FBF7}.Release|x86.ActiveCfg = Release|Any CPU
		{E7F60D33-0041-4A7B-B17F-78DED087FBF7}.Release|x86.Build.0 = Release|Any CPU
		{7CFAF0B2-8133-4DC7-B86A-32A2372B2383}.Debug|Any CPU.ActiveCfg = Debug|Any CPU
		{7CFAF0B2-8133-4DC7-B86A-32A2372B2383}.Debug|Any CPU.Build.0 = Debug|Any CPU
		{7CFAF0B2-8133-4DC7-B86A-32A2372B2383}.Debug|x64.ActiveCfg = Debug|Any CPU
		{7CFAF0B2-8133-4DC7-B86A-32A2372B2383}.Debug|x64.Build.0 = Debug|Any CPU
		{7CFAF0B2-8133-4DC7-B86A-32A2372B2383}.Debug|x86.ActiveCfg = Debug|Any CPU
		{7CFAF0B2-8133-4DC7-B86A-32A2372B2383}.Debug|x86.Build.0 = Debug|Any CPU
		{7CFAF0B2-8133-4DC7-B86A-32A2372B2383}.Release|Any CPU.ActiveCfg = Release|Any CPU
		{7CFAF0B2-8133-4DC7-B86A-32A2372B2383}.Release|Any CPU.Build.0 = Release|Any CPU
		{7CFAF0B2-8133-4DC7-B86A-32A2372B2383}.Release|x64.ActiveCfg = Release|Any CPU
		{7CFAF0B2-8133-4DC7-B86A-32A2372B2383}.Release|x64.Build.0 = Release|Any CPU
		{7CFAF0B2-8133-4DC7-B86A-32A2372B2383}.Release|x86.ActiveCfg = Release|Any CPU
		{7CFAF0B2-8133-4DC7-B86A-32A2372B2383}.Release|x86.Build.0 = Release|Any CPU
		{75071218-6001-4D1A-88AD-8B9F64F6F7EE}.Debug|Any CPU.ActiveCfg = Debug|Any CPU
		{75071218-6001-4D1A-88AD-8B9F64F6F7EE}.Debug|Any CPU.Build.0 = Debug|Any CPU
		{75071218-6001-4D1A-88AD-8B9F64F6F7EE}.Debug|x64.ActiveCfg = Debug|Any CPU
		{75071218-6001-4D1A-88AD-8B9F64F6F7EE}.Debug|x64.Build.0 = Debug|Any CPU
		{75071218-6001-4D1A-88AD-8B9F64F6F7EE}.Debug|x86.ActiveCfg = Debug|Any CPU
		{75071218-6001-4D1A-88AD-8B9F64F6F7EE}.Debug|x86.Build.0 = Debug|Any CPU
		{75071218-6001-4D1A-88AD-8B9F64F6F7EE}.Release|Any CPU.ActiveCfg = Release|Any CPU
		{75071218-6001-4D1A-88AD-8B9F64F6F7EE}.Release|Any CPU.Build.0 = Release|Any CPU
		{75071218-6001-4D1A-88AD-8B9F64F6F7EE}.Release|x64.ActiveCfg = Release|Any CPU
		{75071218-6001-4D1A-88AD-8B9F64F6F7EE}.Release|x64.Build.0 = Release|Any CPU
		{75071218-6001-4D1A-88AD-8B9F64F6F7EE}.Release|x86.ActiveCfg = Release|Any CPU
		{75071218-6001-4D1A-88AD-8B9F64F6F7EE}.Release|x86.Build.0 = Release|Any CPU
		{9F8715CC-149B-4134-AC70-7B1E80B22B76}.Debug|Any CPU.ActiveCfg = Debug|Any CPU
		{9F8715CC-149B-4134-AC70-7B1E80B22B76}.Debug|Any CPU.Build.0 = Debug|Any CPU
		{9F8715CC-149B-4134-AC70-7B1E80B22B76}.Debug|x64.ActiveCfg = Debug|Any CPU
		{9F8715CC-149B-4134-AC70-7B1E80B22B76}.Debug|x64.Build.0 = Debug|Any CPU
		{9F8715CC-149B-4134-AC70-7B1E80B22B76}.Debug|x86.ActiveCfg = Debug|Any CPU
		{9F8715CC-149B-4134-AC70-7B1E80B22B76}.Debug|x86.Build.0 = Debug|Any CPU
		{9F8715CC-149B-4134-AC70-7B1E80B22B76}.Release|Any CPU.ActiveCfg = Release|Any CPU
		{9F8715CC-149B-4134-AC70-7B1E80B22B76}.Release|Any CPU.Build.0 = Release|Any CPU
		{9F8715CC-149B-4134-AC70-7B1E80B22B76}.Release|x64.ActiveCfg = Release|Any CPU
		{9F8715CC-149B-4134-AC70-7B1E80B22B76}.Release|x64.Build.0 = Release|Any CPU
		{9F8715CC-149B-4134-AC70-7B1E80B22B76}.Release|x86.ActiveCfg = Release|Any CPU
		{9F8715CC-149B-4134-AC70-7B1E80B22B76}.Release|x86.Build.0 = Release|Any CPU
		{8EDDC60A-9BEC-4148-A9A1-24D34AEE86E2}.Debug|Any CPU.ActiveCfg = Debug|Any CPU
		{8EDDC60A-9BEC-4148-A9A1-24D34AEE86E2}.Debug|Any CPU.Build.0 = Debug|Any CPU
		{8EDDC60A-9BEC-4148-A9A1-24D34AEE86E2}.Debug|x64.ActiveCfg = Debug|Any CPU
		{8EDDC60A-9BEC-4148-A9A1-24D34AEE86E2}.Debug|x64.Build.0 = Debug|Any CPU
		{8EDDC60A-9BEC-4148-A9A1-24D34AEE86E2}.Debug|x86.ActiveCfg = Debug|Any CPU
		{8EDDC60A-9BEC-4148-A9A1-24D34AEE86E2}.Debug|x86.Build.0 = Debug|Any CPU
		{8EDDC60A-9BEC-4148-A9A1-24D34AEE86E2}.Release|Any CPU.ActiveCfg = Release|Any CPU
		{8EDDC60A-9BEC-4148-A9A1-24D34AEE86E2}.Release|Any CPU.Build.0 = Release|Any CPU
		{8EDDC60A-9BEC-4148-A9A1-24D34AEE86E2}.Release|x64.ActiveCfg = Release|Any CPU
		{8EDDC60A-9BEC-4148-A9A1-24D34AEE86E2}.Release|x64.Build.0 = Release|Any CPU
		{8EDDC60A-9BEC-4148-A9A1-24D34AEE86E2}.Release|x86.ActiveCfg = Release|Any CPU
		{8EDDC60A-9BEC-4148-A9A1-24D34AEE86E2}.Release|x86.Build.0 = Release|Any CPU
		{537EC916-AE1B-425D-ADFF-281FF97D018E}.Debug|Any CPU.ActiveCfg = Debug|Any CPU
		{537EC916-AE1B-425D-ADFF-281FF97D018E}.Debug|Any CPU.Build.0 = Debug|Any CPU
		{537EC916-AE1B-425D-ADFF-281FF97D018E}.Debug|x64.ActiveCfg = Debug|Any CPU
		{537EC916-AE1B-425D-ADFF-281FF97D018E}.Debug|x64.Build.0 = Debug|Any CPU
		{537EC916-AE1B-425D-ADFF-281FF97D018E}.Debug|x86.ActiveCfg = Debug|Any CPU
		{537EC916-AE1B-425D-ADFF-281FF97D018E}.Debug|x86.Build.0 = Debug|Any CPU
		{537EC916-AE1B-425D-ADFF-281FF97D018E}.Release|Any CPU.ActiveCfg = Release|Any CPU
		{537EC916-AE1B-425D-ADFF-281FF97D018E}.Release|Any CPU.Build.0 = Release|Any CPU
		{537EC916-AE1B-425D-ADFF-281FF97D018E}.Release|x64.ActiveCfg = Release|Any CPU
		{537EC916-AE1B-425D-ADFF-281FF97D018E}.Release|x64.Build.0 = Release|Any CPU
		{537EC916-AE1B-425D-ADFF-281FF97D018E}.Release|x86.ActiveCfg = Release|Any CPU
		{537EC916-AE1B-425D-ADFF-281FF97D018E}.Release|x86.Build.0 = Release|Any CPU
		{5413F760-1726-4637-BCA0-90185AAC5FCB}.Debug|Any CPU.ActiveCfg = Debug|Any CPU
		{5413F760-1726-4637-BCA0-90185AAC5FCB}.Debug|Any CPU.Build.0 = Debug|Any CPU
		{5413F760-1726-4637-BCA0-90185AAC5FCB}.Debug|x64.ActiveCfg = Debug|Any CPU
		{5413F760-1726-4637-BCA0-90185AAC5FCB}.Debug|x64.Build.0 = Debug|Any CPU
		{5413F760-1726-4637-BCA0-90185AAC5FCB}.Debug|x86.ActiveCfg = Debug|Any CPU
		{5413F760-1726-4637-BCA0-90185AAC5FCB}.Debug|x86.Build.0 = Debug|Any CPU
		{5413F760-1726-4637-BCA0-90185AAC5FCB}.Release|Any CPU.ActiveCfg = Release|Any CPU
		{5413F760-1726-4637-BCA0-90185AAC5FCB}.Release|Any CPU.Build.0 = Release|Any CPU
		{5413F760-1726-4637-BCA0-90185AAC5FCB}.Release|x64.ActiveCfg = Release|Any CPU
		{5413F760-1726-4637-BCA0-90185AAC5FCB}.Release|x64.Build.0 = Release|Any CPU
		{5413F760-1726-4637-BCA0-90185AAC5FCB}.Release|x86.ActiveCfg = Release|Any CPU
		{5413F760-1726-4637-BCA0-90185AAC5FCB}.Release|x86.Build.0 = Release|Any CPU
		{7B9FEBAD-E328-4CA0-9766-6425143E2656}.Debug|Any CPU.ActiveCfg = Debug|Any CPU
		{7B9FEBAD-E328-4CA0-9766-6425143E2656}.Debug|Any CPU.Build.0 = Debug|Any CPU
		{7B9FEBAD-E328-4CA0-9766-6425143E2656}.Debug|x64.ActiveCfg = Debug|Any CPU
		{7B9FEBAD-E328-4CA0-9766-6425143E2656}.Debug|x64.Build.0 = Debug|Any CPU
		{7B9FEBAD-E328-4CA0-9766-6425143E2656}.Debug|x86.ActiveCfg = Debug|Any CPU
		{7B9FEBAD-E328-4CA0-9766-6425143E2656}.Debug|x86.Build.0 = Debug|Any CPU
		{7B9FEBAD-E328-4CA0-9766-6425143E2656}.Release|Any CPU.ActiveCfg = Release|Any CPU
		{7B9FEBAD-E328-4CA0-9766-6425143E2656}.Release|Any CPU.Build.0 = Release|Any CPU
		{7B9FEBAD-E328-4CA0-9766-6425143E2656}.Release|x64.ActiveCfg = Release|Any CPU
		{7B9FEBAD-E328-4CA0-9766-6425143E2656}.Release|x64.Build.0 = Release|Any CPU
		{7B9FEBAD-E328-4CA0-9766-6425143E2656}.Release|x86.ActiveCfg = Release|Any CPU
		{7B9FEBAD-E328-4CA0-9766-6425143E2656}.Release|x86.Build.0 = Release|Any CPU
		{F9259208-AD38-4C8A-8316-9ADB83C303CA}.Debug|Any CPU.ActiveCfg = Debug|Any CPU
		{F9259208-AD38-4C8A-8316-9ADB83C303CA}.Debug|Any CPU.Build.0 = Debug|Any CPU
		{F9259208-AD38-4C8A-8316-9ADB83C303CA}.Debug|x64.ActiveCfg = Debug|Any CPU
		{F9259208-AD38-4C8A-8316-9ADB83C303CA}.Debug|x64.Build.0 = Debug|Any CPU
		{F9259208-AD38-4C8A-8316-9ADB83C303CA}.Debug|x86.ActiveCfg = Debug|Any CPU
		{F9259208-AD38-4C8A-8316-9ADB83C303CA}.Debug|x86.Build.0 = Debug|Any CPU
		{F9259208-AD38-4C8A-8316-9ADB83C303CA}.Release|Any CPU.ActiveCfg = Release|Any CPU
		{F9259208-AD38-4C8A-8316-9ADB83C303CA}.Release|Any CPU.Build.0 = Release|Any CPU
		{F9259208-AD38-4C8A-8316-9ADB83C303CA}.Release|x64.ActiveCfg = Release|Any CPU
		{F9259208-AD38-4C8A-8316-9ADB83C303CA}.Release|x64.Build.0 = Release|Any CPU
		{F9259208-AD38-4C8A-8316-9ADB83C303CA}.Release|x86.ActiveCfg = Release|Any CPU
		{F9259208-AD38-4C8A-8316-9ADB83C303CA}.Release|x86.Build.0 = Release|Any CPU
		{CA9647F9-39EB-41BD-A264-38E2E1EBEB55}.Debug|Any CPU.ActiveCfg = Debug|Any CPU
		{CA9647F9-39EB-41BD-A264-38E2E1EBEB55}.Debug|Any CPU.Build.0 = Debug|Any CPU
		{CA9647F9-39EB-41BD-A264-38E2E1EBEB55}.Debug|x64.ActiveCfg = Debug|Any CPU
		{CA9647F9-39EB-41BD-A264-38E2E1EBEB55}.Debug|x64.Build.0 = Debug|Any CPU
		{CA9647F9-39EB-41BD-A264-38E2E1EBEB55}.Debug|x86.ActiveCfg = Debug|Any CPU
		{CA9647F9-39EB-41BD-A264-38E2E1EBEB55}.Debug|x86.Build.0 = Debug|Any CPU
		{CA9647F9-39EB-41BD-A264-38E2E1EBEB55}.Release|Any CPU.ActiveCfg = Release|Any CPU
		{CA9647F9-39EB-41BD-A264-38E2E1EBEB55}.Release|Any CPU.Build.0 = Release|Any CPU
		{CA9647F9-39EB-41BD-A264-38E2E1EBEB55}.Release|x64.ActiveCfg = Release|Any CPU
		{CA9647F9-39EB-41BD-A264-38E2E1EBEB55}.Release|x64.Build.0 = Release|Any CPU
		{CA9647F9-39EB-41BD-A264-38E2E1EBEB55}.Release|x86.ActiveCfg = Release|Any CPU
		{CA9647F9-39EB-41BD-A264-38E2E1EBEB55}.Release|x86.Build.0 = Release|Any CPU
		{A1D189C6-956C-4C79-AF32-AABCA224B010}.Debug|Any CPU.ActiveCfg = Debug|Any CPU
		{A1D189C6-956C-4C79-AF32-AABCA224B010}.Debug|Any CPU.Build.0 = Debug|Any CPU
		{A1D189C6-956C-4C79-AF32-AABCA224B010}.Debug|x64.ActiveCfg = Debug|Any CPU
		{A1D189C6-956C-4C79-AF32-AABCA224B010}.Debug|x64.Build.0 = Debug|Any CPU
		{A1D189C6-956C-4C79-AF32-AABCA224B010}.Debug|x86.ActiveCfg = Debug|Any CPU
		{A1D189C6-956C-4C79-AF32-AABCA224B010}.Debug|x86.Build.0 = Debug|Any CPU
		{A1D189C6-956C-4C79-AF32-AABCA224B010}.Release|Any CPU.ActiveCfg = Release|Any CPU
		{A1D189C6-956C-4C79-AF32-AABCA224B010}.Release|Any CPU.Build.0 = Release|Any CPU
		{A1D189C6-956C-4C79-AF32-AABCA224B010}.Release|x64.ActiveCfg = Release|Any CPU
		{A1D189C6-956C-4C79-AF32-AABCA224B010}.Release|x64.Build.0 = Release|Any CPU
		{A1D189C6-956C-4C79-AF32-AABCA224B010}.Release|x86.ActiveCfg = Release|Any CPU
		{A1D189C6-956C-4C79-AF32-AABCA224B010}.Release|x86.Build.0 = Release|Any CPU
		{87C7D2E3-E454-4A25-AB56-4F24FFA70625}.Debug|Any CPU.ActiveCfg = Debug|Any CPU
		{87C7D2E3-E454-4A25-AB56-4F24FFA70625}.Debug|Any CPU.Build.0 = Debug|Any CPU
		{87C7D2E3-E454-4A25-AB56-4F24FFA70625}.Debug|x64.ActiveCfg = Debug|Any CPU
		{87C7D2E3-E454-4A25-AB56-4F24FFA70625}.Debug|x64.Build.0 = Debug|Any CPU
		{87C7D2E3-E454-4A25-AB56-4F24FFA70625}.Debug|x86.ActiveCfg = Debug|Any CPU
		{87C7D2E3-E454-4A25-AB56-4F24FFA70625}.Debug|x86.Build.0 = Debug|Any CPU
		{87C7D2E3-E454-4A25-AB56-4F24FFA70625}.Release|Any CPU.ActiveCfg = Release|Any CPU
		{87C7D2E3-E454-4A25-AB56-4F24FFA70625}.Release|Any CPU.Build.0 = Release|Any CPU
		{87C7D2E3-E454-4A25-AB56-4F24FFA70625}.Release|x64.ActiveCfg = Release|Any CPU
		{87C7D2E3-E454-4A25-AB56-4F24FFA70625}.Release|x64.Build.0 = Release|Any CPU
		{87C7D2E3-E454-4A25-AB56-4F24FFA70625}.Release|x86.ActiveCfg = Release|Any CPU
		{87C7D2E3-E454-4A25-AB56-4F24FFA70625}.Release|x86.Build.0 = Release|Any CPU
		{2F10C40F-17DB-47F2-83E7-B8BDFCFE82AF}.Debug|Any CPU.ActiveCfg = Debug|Any CPU
		{2F10C40F-17DB-47F2-83E7-B8BDFCFE82AF}.Debug|Any CPU.Build.0 = Debug|Any CPU
		{2F10C40F-17DB-47F2-83E7-B8BDFCFE82AF}.Debug|x64.ActiveCfg = Debug|Any CPU
		{2F10C40F-17DB-47F2-83E7-B8BDFCFE82AF}.Debug|x64.Build.0 = Debug|Any CPU
		{2F10C40F-17DB-47F2-83E7-B8BDFCFE82AF}.Debug|x86.ActiveCfg = Debug|Any CPU
		{2F10C40F-17DB-47F2-83E7-B8BDFCFE82AF}.Debug|x86.Build.0 = Debug|Any CPU
		{2F10C40F-17DB-47F2-83E7-B8BDFCFE82AF}.Release|Any CPU.ActiveCfg = Release|Any CPU
		{2F10C40F-17DB-47F2-83E7-B8BDFCFE82AF}.Release|Any CPU.Build.0 = Release|Any CPU
		{2F10C40F-17DB-47F2-83E7-B8BDFCFE82AF}.Release|x64.ActiveCfg = Release|Any CPU
		{2F10C40F-17DB-47F2-83E7-B8BDFCFE82AF}.Release|x64.Build.0 = Release|Any CPU
		{2F10C40F-17DB-47F2-83E7-B8BDFCFE82AF}.Release|x86.ActiveCfg = Release|Any CPU
		{2F10C40F-17DB-47F2-83E7-B8BDFCFE82AF}.Release|x86.Build.0 = Release|Any CPU
		{04DC22E1-201B-4CEE-B746-B3FB7660C470}.Debug|Any CPU.ActiveCfg = Debug|Any CPU
		{04DC22E1-201B-4CEE-B746-B3FB7660C470}.Debug|Any CPU.Build.0 = Debug|Any CPU
		{04DC22E1-201B-4CEE-B746-B3FB7660C470}.Debug|x64.ActiveCfg = Debug|Any CPU
		{04DC22E1-201B-4CEE-B746-B3FB7660C470}.Debug|x64.Build.0 = Debug|Any CPU
		{04DC22E1-201B-4CEE-B746-B3FB7660C470}.Debug|x86.ActiveCfg = Debug|Any CPU
		{04DC22E1-201B-4CEE-B746-B3FB7660C470}.Debug|x86.Build.0 = Debug|Any CPU
		{04DC22E1-201B-4CEE-B746-B3FB7660C470}.Release|Any CPU.ActiveCfg = Release|Any CPU
		{04DC22E1-201B-4CEE-B746-B3FB7660C470}.Release|Any CPU.Build.0 = Release|Any CPU
		{04DC22E1-201B-4CEE-B746-B3FB7660C470}.Release|x64.ActiveCfg = Release|Any CPU
		{04DC22E1-201B-4CEE-B746-B3FB7660C470}.Release|x64.Build.0 = Release|Any CPU
		{04DC22E1-201B-4CEE-B746-B3FB7660C470}.Release|x86.ActiveCfg = Release|Any CPU
		{04DC22E1-201B-4CEE-B746-B3FB7660C470}.Release|x86.Build.0 = Release|Any CPU
		{80944CD0-5549-434D-A6EE-B253341BF3D2}.Debug|Any CPU.ActiveCfg = Debug|Any CPU
		{80944CD0-5549-434D-A6EE-B253341BF3D2}.Debug|Any CPU.Build.0 = Debug|Any CPU
		{80944CD0-5549-434D-A6EE-B253341BF3D2}.Debug|x64.ActiveCfg = Debug|Any CPU
		{80944CD0-5549-434D-A6EE-B253341BF3D2}.Debug|x64.Build.0 = Debug|Any CPU
		{80944CD0-5549-434D-A6EE-B253341BF3D2}.Debug|x86.ActiveCfg = Debug|Any CPU
		{80944CD0-5549-434D-A6EE-B253341BF3D2}.Debug|x86.Build.0 = Debug|Any CPU
		{80944CD0-5549-434D-A6EE-B253341BF3D2}.Release|Any CPU.ActiveCfg = Release|Any CPU
		{80944CD0-5549-434D-A6EE-B253341BF3D2}.Release|Any CPU.Build.0 = Release|Any CPU
		{80944CD0-5549-434D-A6EE-B253341BF3D2}.Release|x64.ActiveCfg = Release|Any CPU
		{80944CD0-5549-434D-A6EE-B253341BF3D2}.Release|x64.Build.0 = Release|Any CPU
		{80944CD0-5549-434D-A6EE-B253341BF3D2}.Release|x86.ActiveCfg = Release|Any CPU
		{80944CD0-5549-434D-A6EE-B253341BF3D2}.Release|x86.Build.0 = Release|Any CPU
		{02F2A2E5-9F91-4C8D-93C0-0321500B56F0}.Debug|Any CPU.ActiveCfg = Debug|Any CPU
		{02F2A2E5-9F91-4C8D-93C0-0321500B56F0}.Debug|Any CPU.Build.0 = Debug|Any CPU
		{02F2A2E5-9F91-4C8D-93C0-0321500B56F0}.Debug|x64.ActiveCfg = Debug|Any CPU
		{02F2A2E5-9F91-4C8D-93C0-0321500B56F0}.Debug|x64.Build.0 = Debug|Any CPU
		{02F2A2E5-9F91-4C8D-93C0-0321500B56F0}.Debug|x86.ActiveCfg = Debug|Any CPU
		{02F2A2E5-9F91-4C8D-93C0-0321500B56F0}.Debug|x86.Build.0 = Debug|Any CPU
		{02F2A2E5-9F91-4C8D-93C0-0321500B56F0}.Release|Any CPU.ActiveCfg = Release|Any CPU
		{02F2A2E5-9F91-4C8D-93C0-0321500B56F0}.Release|Any CPU.Build.0 = Release|Any CPU
		{02F2A2E5-9F91-4C8D-93C0-0321500B56F0}.Release|x64.ActiveCfg = Release|Any CPU
		{02F2A2E5-9F91-4C8D-93C0-0321500B56F0}.Release|x64.Build.0 = Release|Any CPU
		{02F2A2E5-9F91-4C8D-93C0-0321500B56F0}.Release|x86.ActiveCfg = Release|Any CPU
		{02F2A2E5-9F91-4C8D-93C0-0321500B56F0}.Release|x86.Build.0 = Release|Any CPU
		{9FFC1C3C-2CF4-49D2-926B-42EB93883334}.Debug|Any CPU.ActiveCfg = Debug|Any CPU
		{9FFC1C3C-2CF4-49D2-926B-42EB93883334}.Debug|Any CPU.Build.0 = Debug|Any CPU
		{9FFC1C3C-2CF4-49D2-926B-42EB93883334}.Debug|x64.ActiveCfg = Debug|Any CPU
		{9FFC1C3C-2CF4-49D2-926B-42EB93883334}.Debug|x64.Build.0 = Debug|Any CPU
		{9FFC1C3C-2CF4-49D2-926B-42EB93883334}.Debug|x86.ActiveCfg = Debug|Any CPU
		{9FFC1C3C-2CF4-49D2-926B-42EB93883334}.Debug|x86.Build.0 = Debug|Any CPU
		{9FFC1C3C-2CF4-49D2-926B-42EB93883334}.Release|Any CPU.ActiveCfg = Release|Any CPU
		{9FFC1C3C-2CF4-49D2-926B-42EB93883334}.Release|Any CPU.Build.0 = Release|Any CPU
		{9FFC1C3C-2CF4-49D2-926B-42EB93883334}.Release|x64.ActiveCfg = Release|Any CPU
		{9FFC1C3C-2CF4-49D2-926B-42EB93883334}.Release|x64.Build.0 = Release|Any CPU
		{9FFC1C3C-2CF4-49D2-926B-42EB93883334}.Release|x86.ActiveCfg = Release|Any CPU
		{9FFC1C3C-2CF4-49D2-926B-42EB93883334}.Release|x86.Build.0 = Release|Any CPU
		{5351DFCD-0960-4B00-9DFA-B64CD181AD5A}.Debug|Any CPU.ActiveCfg = Debug|Any CPU
		{5351DFCD-0960-4B00-9DFA-B64CD181AD5A}.Debug|Any CPU.Build.0 = Debug|Any CPU
		{5351DFCD-0960-4B00-9DFA-B64CD181AD5A}.Debug|x64.ActiveCfg = Debug|Any CPU
		{5351DFCD-0960-4B00-9DFA-B64CD181AD5A}.Debug|x64.Build.0 = Debug|Any CPU
		{5351DFCD-0960-4B00-9DFA-B64CD181AD5A}.Debug|x86.ActiveCfg = Debug|Any CPU
		{5351DFCD-0960-4B00-9DFA-B64CD181AD5A}.Debug|x86.Build.0 = Debug|Any CPU
		{5351DFCD-0960-4B00-9DFA-B64CD181AD5A}.Release|Any CPU.ActiveCfg = Release|Any CPU
		{5351DFCD-0960-4B00-9DFA-B64CD181AD5A}.Release|Any CPU.Build.0 = Release|Any CPU
		{5351DFCD-0960-4B00-9DFA-B64CD181AD5A}.Release|x64.ActiveCfg = Release|Any CPU
		{5351DFCD-0960-4B00-9DFA-B64CD181AD5A}.Release|x64.Build.0 = Release|Any CPU
		{5351DFCD-0960-4B00-9DFA-B64CD181AD5A}.Release|x86.ActiveCfg = Release|Any CPU
		{5351DFCD-0960-4B00-9DFA-B64CD181AD5A}.Release|x86.Build.0 = Release|Any CPU
	EndGlobalSection
	GlobalSection(SolutionProperties) = preSolution
		HideSolutionNode = FALSE
	EndGlobalSection
	GlobalSection(NestedProjects) = preSolution
		{BFF2DF6E-AA54-47C7-211F-79ACCBB4577C} = {827E0CD3-B72D-47B6-A68D-7590B98EB39B}
		{BE539D53-55C7-403E-BC2F-2819CE22473C} = {BFF2DF6E-AA54-47C7-211F-79ACCBB4577C}
		{DAAB6F70-A83E-4D87-8A82-ED7FC920144A} = {BFF2DF6E-AA54-47C7-211F-79ACCBB4577C}
		{F371E1B9-E909-423E-8C41-9F205C71EED4} = {BFF2DF6E-AA54-47C7-211F-79ACCBB4577C}
		{EC447DCF-ABFA-6E24-52A5-D7FD48A5C558} = {827E0CD3-B72D-47B6-A68D-7590B98EB39B}
		{CFD98C11-0354-2BE4-4011-BD6AEF12219D} = {EC447DCF-ABFA-6E24-52A5-D7FD48A5C558}
		{B4BF619B-72D1-4B25-AAF5-EFA2B3A4C9E9} = {CFD98C11-0354-2BE4-4011-BD6AEF12219D}
		{18C073E0-6CB1-4693-3636-BFEE619A6192} = {EC447DCF-ABFA-6E24-52A5-D7FD48A5C558}
		{CF6A04A7-0669-4D03-9B0E-BDB312C25383} = {18C073E0-6CB1-4693-3636-BFEE619A6192}
		{3482A603-7AEB-377F-9DA5-9757A465DBE8} = {EC447DCF-ABFA-6E24-52A5-D7FD48A5C558}
		{4124BCB6-19D3-4ECB-BFAE-688CD0A7B528} = {3482A603-7AEB-377F-9DA5-9757A465DBE8}
		{DE9DAF8A-E684-0FD3-FFDC-40D3E3158533} = {EC447DCF-ABFA-6E24-52A5-D7FD48A5C558}
		{E7F60D33-0041-4A7B-B17F-78DED087FBF7} = {DE9DAF8A-E684-0FD3-FFDC-40D3E3158533}
		{7CFAF0B2-8133-4DC7-B86A-32A2372B2383} = {CFD98C11-0354-2BE4-4011-BD6AEF12219D}
		{75071218-6001-4D1A-88AD-8B9F64F6F7EE} = {CFD98C11-0354-2BE4-4011-BD6AEF12219D}
		{9F8715CC-149B-4134-AC70-7B1E80B22B76} = {CFD98C11-0354-2BE4-4011-BD6AEF12219D}
		{8EDDC60A-9BEC-4148-A9A1-24D34AEE86E2} = {CFD98C11-0354-2BE4-4011-BD6AEF12219D}
		{537EC916-AE1B-425D-ADFF-281FF97D018E} = {18C073E0-6CB1-4693-3636-BFEE619A6192}
		{5413F760-1726-4637-BCA0-90185AAC5FCB} = {18C073E0-6CB1-4693-3636-BFEE619A6192}
		{7B9FEBAD-E328-4CA0-9766-6425143E2656} = {18C073E0-6CB1-4693-3636-BFEE619A6192}
		{F9259208-AD38-4C8A-8316-9ADB83C303CA} = {18C073E0-6CB1-4693-3636-BFEE619A6192}
		{CA9647F9-39EB-41BD-A264-38E2E1EBEB55} = {3482A603-7AEB-377F-9DA5-9757A465DBE8}
		{A1D189C6-956C-4C79-AF32-AABCA224B010} = {3482A603-7AEB-377F-9DA5-9757A465DBE8}
		{87C7D2E3-E454-4A25-AB56-4F24FFA70625} = {3482A603-7AEB-377F-9DA5-9757A465DBE8}
		{2F10C40F-17DB-47F2-83E7-B8BDFCFE82AF} = {3482A603-7AEB-377F-9DA5-9757A465DBE8}
		{04DC22E1-201B-4CEE-B746-B3FB7660C470} = {DE9DAF8A-E684-0FD3-FFDC-40D3E3158533}
		{80944CD0-5549-434D-A6EE-B253341BF3D2} = {DE9DAF8A-E684-0FD3-FFDC-40D3E3158533}
		{02F2A2E5-9F91-4C8D-93C0-0321500B56F0} = {DE9DAF8A-E684-0FD3-FFDC-40D3E3158533}
		{9FFC1C3C-2CF4-49D2-926B-42EB93883334} = {DE9DAF8A-E684-0FD3-FFDC-40D3E3158533}
		{81034408-37C8-1011-444E-4C15C2FADA8E} = {827E0CD3-B72D-47B6-A68D-7590B98EB39B}
		{5351DFCD-0960-4B00-9DFA-B64CD181AD5A} = {81034408-37C8-1011-444E-4C15C2FADA8E}
	EndGlobalSection
EndGlobal
